
Microsoft Visual Studio Solution File, Format Version 12.00
# Visual Studio Version 17
VisualStudioVersion = 17.2.32616.157
MinimumVisualStudioVersion = 10.0.40219.1
Project("{FAE04EC0-301F-11D3-BF4B-00C04F79EFBC}") = "1 massiv", "1 massiv\1 massiv.csproj", "{2B67B9BB-0B10-42FF-9741-054FA9AF71CB}"
EndProject
Global
	GlobalSection(SolutionConfigurationPlatforms) = preSolution
		Debug|Any CPU = Debug|Any CPU
		Release|Any CPU = Release|Any CPU
	EndGlobalSection
	GlobalSection(ProjectConfigurationPlatforms) = postSolution
		{2B67B9BB-0B10-42FF-9741-054FA9AF71CB}.Debug|Any CPU.ActiveCfg = Debug|Any CPU
		{2B67B9BB-0B10-42FF-9741-054FA9AF71CB}.Debug|Any CPU.Build.0 = Debug|Any CPU
		{2B67B9BB-0B10-42FF-9741-054FA9AF71CB}.Release|Any CPU.ActiveCfg = Release|Any CPU
		{2B67B9BB-0B10-42FF-9741-054FA9AF71CB}.Release|Any CPU.Build.0 = Release|Any CPU
	EndGlobalSection
	GlobalSection(SolutionProperties) = preSolution
		HideSolutionNode = FALSE
	EndGlobalSection
	GlobalSection(ExtensibilityGlobals) = postSolution
		SolutionGuid = {35FF1F24-CDEB-42BB-9A41-E4428D34895B}
	EndGlobalSection
EndGlobal
